
Microsoft Visual Studio Solution File, Format Version 12.00
# Visual Studio Version 16
VisualStudioVersion = 16.0.30611.23
MinimumVisualStudioVersion = 10.0.40219.1
Project("{FAE04EC0-301F-11D3-BF4B-00C04F79EFBC}") = "SpeechToTextCsharp", "SpeechToTextCsharp.csproj", "{73C214E6-2261-469C-947F-254CB6C2DD17}"
EndProject
Global
	GlobalSection(SolutionConfigurationPlatforms) = preSolution
		Debug|Any CPU = Debug|Any CPU
		Release|Any CPU = Release|Any CPU
	EndGlobalSection
	GlobalSection(ProjectConfigurationPlatforms) = postSolution
		{73C214E6-2261-469C-947F-254CB6C2DD17}.Debug|Any CPU.ActiveCfg = Debug|Any CPU
		{73C214E6-2261-469C-947F-254CB6C2DD17}.Debug|Any CPU.Build.0 = Debug|Any CPU
		{73C214E6-2261-469C-947F-254CB6C2DD17}.Release|Any CPU.ActiveCfg = Release|Any CPU
		{73C214E6-2261-469C-947F-254CB6C2DD17}.Release|Any CPU.Build.0 = Release|Any CPU
	EndGlobalSection
	GlobalSection(SolutionProperties) = preSolution
		HideSolutionNode = FALSE
	EndGlobalSection
	GlobalSection(ExtensibilityGlobals) = postSolution
		SolutionGuid = {A26132B1-1B89-4619-83D1-6A3FFDF2D601}
	EndGlobalSection
EndGlobal
